
Microsoft Visual Studio Solution File, Format Version 12.00
# Visual Studio Version 17
VisualStudioVersion = 17.1.32210.238
MinimumVisualStudioVersion = 10.0.40219.1
Project("{FAE04EC0-301F-11D3-BF4B-00C04F79EFBC}") = "Smart Cooking App", "Smart Cooking App\Smart Cooking App.csproj", "{E8C5A16B-2CEA-478C-867A-2BD0BD721E15}"
EndProject
Global
	GlobalSection(SolutionConfigurationPlatforms) = preSolution
		Debug|Any CPU = Debug|Any CPU
		Release|Any CPU = Release|Any CPU
	EndGlobalSection
	GlobalSection(ProjectConfigurationPlatforms) = postSolution
		{E8C5A16B-2CEA-478C-867A-2BD0BD721E15}.Debug|Any CPU.ActiveCfg = Debug|Any CPU
		{E8C5A16B-2CEA-478C-867A-2BD0BD721E15}.Debug|Any CPU.Build.0 = Debug|Any CPU
		{E8C5A16B-2CEA-478C-867A-2BD0BD721E15}.Release|Any CPU.ActiveCfg = Release|Any CPU
		{E8C5A16B-2CEA-478C-867A-2BD0BD721E15}.Release|Any CPU.Build.0 = Release|Any CPU
	EndGlobalSection
	GlobalSection(SolutionProperties) = preSolution
		HideSolutionNode = FALSE
	EndGlobalSection
	GlobalSection(ExtensibilityGlobals) = postSolution
		SolutionGuid = {A4C16DE0-8FC0-435E-B772-F8F79F73D4D8}
	EndGlobalSection
EndGlobal
